
Microsoft Visual Studio Solution File, Format Version 12.00
Project("{FAE04EC0-301F-11D3-BF4B-00C04F79EFBC}") = "ChatbotAI", "ChatbotAI.csproj", "{CA11B4BA-5DD2-4A13-B0F3-B821F70BF41B}"
EndProject
Global
	GlobalSection(SolutionConfigurationPlatforms) = preSolution
		Debug|Any CPU = Debug|Any CPU
		Release|Any CPU = Release|Any CPU
	EndGlobalSection
	GlobalSection(ProjectConfigurationPlatforms) = postSolution
		{CA11B4BA-5DD2-4A13-B0F3-B821F70BF41B}.Debug|Any CPU.ActiveCfg = Debug|Any CPU
		{CA11B4BA-5DD2-4A13-B0F3-B821F70BF41B}.Debug|Any CPU.Build.0 = Debug|Any CPU
		{CA11B4BA-5DD2-4A13-B0F3-B821F70BF41B}.Release|Any CPU.ActiveCfg = Release|Any CPU
		{CA11B4BA-5DD2-4A13-B0F3-B821F70BF41B}.Release|Any CPU.Build.0 = Release|Any CPU
	EndGlobalSection
EndGlobal
